PODS:
  - Firebase/Core (4.0.2):
    - FirebaseAnalytics (= 4.0.1)
    - FirebaseCore (= 4.0.2)
  - Firebase/Messaging (4.0.2):
    - Firebase/Core
    - FirebaseMessaging (= 2.0.0)
  - FirebaseAnalytics (4.0.1):
    - FirebaseCore (~> 4.0)
    - FirebaseInstanceID (~> 2.0)
    - GoogleToolboxForMac/NSData+zlib (~> 2.1)
  - FirebaseCore (4.0.2):
    - GoogleToolboxForMac/NSData+zlib (~> 2.1)
  - FirebaseInstanceID (2.0.0):
    - FirebaseCore (~> 4.0)
  - FirebaseMessaging (2.0.0):
    - FirebaseAnalytics (~> 4.0)
    - FirebaseCore (~> 4.0)
    - FirebaseInstanceID (~> 2.0)
    - GoogleToolboxForMac/Logger (~> 2.1)
    - Protobuf (~> 3.1)
  - GoogleToolboxForMac (2.1.1):
    - GoogleToolboxForMac/AddressBook (= 2.1.1)
    - GoogleToolboxForMac/Core (= 2.1.1)
    - GoogleToolboxForMac/DebugUtils (= 2.1.1)
    - GoogleToolboxForMac/Defines (= 2.1.1)
    - GoogleToolboxForMac/GeometryUtils (= 2.1.1)
    - GoogleToolboxForMac/iPhone (= 2.1.1)
    - GoogleToolboxForMac/KVO (= 2.1.1)
    - GoogleToolboxForMac/Logger (= 2.1.1)
    - GoogleToolboxForMac/NSData+zlib (= 2.1.1)
    - GoogleToolboxForMac/NSDictionary+URLArguments (= 2.1.1)
    - GoogleToolboxForMac/NSFileHandle+UniqueName (= 2.1.1)
    - GoogleToolboxForMac/NSScanner+JSON (= 2.1.1)
    - GoogleToolboxForMac/NSString+HTML (= 2.1.1)
    - GoogleToolboxForMac/NSString+URLArguments (= 2.1.1)
    - GoogleToolboxForMac/NSString+XML (= 2.1.1)
    - GoogleToolboxForMac/NSThread+Blocks (= 2.1.1)
    - GoogleToolboxForMac/Regex (= 2.1.1)
    - GoogleToolboxForMac/RoundedRectPath (= 2.1.1)
    - GoogleToolboxForMac/StackTrace (= 2.1.1)
    - GoogleToolboxForMac/StringEncoding (= 2.1.1)
    - GoogleToolboxForMac/SystemVersion (= 2.1.1)
    - GoogleToolboxForMac/UIFont+LineHeight (= 2.1.1)
    - GoogleToolboxForMac/UnitTesting (= 2.1.1)
    - GoogleToolboxForMac/UnitTestingAppLib (= 2.1.1)
    - GoogleToolboxForMac/URLBuilder (= 2.1.1)
  - GoogleToolboxForMac/AddressBook (2.1.1):
    - GoogleToolboxForMac/Core (= 2.1.1)
    - GoogleToolboxForMac/Defines (= 2.1.1)
  - GoogleToolboxForMac/Core (2.1.1):
    - GoogleToolboxForMac/Defines (= 2.1.1)
  - GoogleToolboxForMac/DebugUtils (2.1.1):
    - GoogleToolboxForMac/Defines (= 2.1.1)
  - GoogleToolboxForMac/Defines (2.1.1)
  - GoogleToolboxForMac/GeometryUtils (2.1.1):
    - GoogleToolboxForMac/Defines (= 2.1.1)
  - GoogleToolboxForMac/iPhone (2.1.1):
    - GoogleToolboxForMac/Defines (= 2.1.1)
  - GoogleToolboxForMac/KVO (2.1.1):
    - GoogleToolboxForMac/Core (= 2.1.1)
    - GoogleToolboxForMac/DebugUtils (= 2.1.1)
  - GoogleToolboxForMac/Logger (2.1.1):
    - GoogleToolboxForMac/Defines (= 2.1.1)
  - GoogleToolboxForMac/NSData+zlib (2.1.1):
    - GoogleToolboxForMac/Defines (= 2.1.1)
  - GoogleToolboxForMac/NSDictionary+URLArguments (2.1.1):
    - GoogleToolboxForMac/DebugUtils (= 2.1.1)
    - GoogleToolboxForMac/Defines (= 2.1.1)
    - GoogleToolboxForMac/NSString+URLArguments (= 2.1.1)
  - GoogleToolboxForMac/NSFileHandle+UniqueName (2.1.1):
    - GoogleToolboxForMac/Defines (= 2.1.1)
  - GoogleToolboxForMac/NSScanner+JSON (2.1.1):
    - GoogleToolboxForMac/Defines (= 2.1.1)
  - GoogleToolboxForMac/NSString+HTML (2.1.1):
    - GoogleToolboxForMac/Core (= 2.1.1)
  - GoogleToolboxForMac/NSString+URLArguments (2.1.1)
  - GoogleToolboxForMac/NSString+XML (2.1.1):
    - GoogleToolboxForMac/Defines (= 2.1.1)
  - GoogleToolboxForMac/NSThread+Blocks (2.1.1):
    - GoogleToolboxForMac/Defines (= 2.1.1)
  - GoogleToolboxForMac/Regex (2.1.1):
    - GoogleToolboxForMac/Defines (= 2.1.1)
  - GoogleToolboxForMac/RoundedRectPath (2.1.1):
    - GoogleToolboxForMac/Defines (= 2.1.1)
  - GoogleToolboxForMac/StackTrace (2.1.1):
    - GoogleToolboxForMac/Defines (= 2.1.1)
  - GoogleToolboxForMac/StringEncoding (2.1.1):
    - GoogleToolboxForMac/Defines (= 2.1.1)
  - GoogleToolboxForMac/SystemVersion (2.1.1):
    - GoogleToolboxForMac/Defines (= 2.1.1)
  - GoogleToolboxForMac/UIFont+LineHeight (2.1.1)
  - GoogleToolboxForMac/UnitTesting (2.1.1):
    - GoogleToolboxForMac/Defines (= 2.1.1)
    - GoogleToolboxForMac/Regex (= 2.1.1)
    - GoogleToolboxForMac/SystemVersion (= 2.1.1)
  - GoogleToolboxForMac/UnitTestingAppLib (2.1.1):
    - GoogleToolboxForMac/Defines (= 2.1.1)
    - GoogleToolboxForMac/UnitTesting (= 2.1.1)
  - GoogleToolboxForMac/URLBuilder (2.1.1):
    - GoogleToolboxForMac/Core (= 2.1.1)
    - GoogleToolboxForMac/Defines (= 2.1.1)
    - GoogleToolboxForMac/NSDictionary+URLArguments (= 2.1.1)
    - GoogleToolboxForMac/NSString+URLArguments (= 2.1.1)
  - Protobuf (3.3.0)

DEPENDENCIES:
  - Firebase/Core
  - Firebase/Messaging
  - GoogleToolboxForMac (~> 2.1)

SPEC CHECKSUMS:
  Firebase: c7ad0731eab26d18a3fc547dd048b0f7cd9c63ae
  FirebaseAnalytics: 4d7040fefc3cd8b291cde35f12cf063d7963f15d
  FirebaseCore: 1a8bf6c795ad07d2918278657954ffd2552e9c17
  FirebaseInstanceID: 9fbf536668f4d3f0880e7438456dabd1376e294b
  FirebaseMessaging: 227406c05b0dc9290702d2e9f18ab5528f0c2cf2
  GoogleToolboxForMac: 8e329f1b599f2512c6b10676d45736bcc2cbbeb0
  Protobuf: d582fecf68201eac3d79ed61369ef45734394b9c

PODFILE CHECKSUM: fd0f27967d4bc8394325582414582a2b3dda14a2

COCOAPODS: 1.2.1
